
Microsoft Visual Studio Solution File, Format Version 12.00
# Visual Studio Version 16
VisualStudioVersion = 16.0.30225.117
MinimumVisualStudioVersion = 10.0.40219.1
Project("{FAE04EC0-301F-11D3-BF4B-00C04F79EFBC}") = "coreapp", "coreapp.csproj", "{93413056-2F17-47D5-AA25-727B05EFE12A}"
EndProject
Global
	GlobalSection(SolutionConfigurationPlatforms) = preSolution
		Debug|Any CPU = Debug|Any CPU
		Release|Any CPU = Release|Any CPU
	EndGlobalSection
	GlobalSection(ProjectConfigurationPlatforms) = postSolution
		{93413056-2F17-47D5-AA25-727B05EFE12A}.Debug|Any CPU.ActiveCfg = Debug|Any CPU
		{93413056-2F17-47D5-AA25-727B05EFE12A}.Debug|Any CPU.Build.0 = Debug|Any CPU
		{93413056-2F17-47D5-AA25-727B05EFE12A}.Release|Any CPU.ActiveCfg = Release|Any CPU
		{93413056-2F17-47D5-AA25-727B05EFE12A}.Release|Any CPU.Build.0 = Release|Any CPU
	EndGlobalSection
	GlobalSection(SolutionProperties) = preSolution
		HideSolutionNode = FALSE
	EndGlobalSection
	GlobalSection(ExtensibilityGlobals) = postSolution
		SolutionGuid = {B47C2156-CEAE-422B-B8CB-666D5612F3F0}
	EndGlobalSection
EndGlobal
